
Microsoft Visual Studio Solution File, Format Version 12.00
# Visual Studio 15
VisualStudioVersion = 15.0.28307.572
MinimumVisualStudioVersion = 10.0.40219.1
Project("{8BC9CEB8-8B4A-11D0-8D11-00A0C91BC942}") = "radixsort", "radixsort\radixsort.vcxproj", "{43322140-7B11-4B1C-B4C3-16AB0B1D1DBE}"
EndProject
Global
	GlobalSection(SolutionConfigurationPlatforms) = preSolution
		Debug|x64 = Debug|x64
		Debug|x86 = Debug|x86
		Release|x64 = Release|x64
		Release|x86 = Release|x86
	EndGlobalSection
	GlobalSection(ProjectConfigurationPlatforms) = postSolution
		{43322140-7B11-4B1C-B4C3-16AB0B1D1DBE}.Debug|x64.ActiveCfg = Debug|x64
		{43322140-7B11-4B1C-B4C3-16AB0B1D1DBE}.Debug|x64.Build.0 = Debug|x64
		{43322140-7B11-4B1C-B4C3-16AB0B1D1DBE}.Debug|x86.ActiveCfg = Debug|Win32
		{43322140-7B11-4B1C-B4C3-16AB0B1D1DBE}.Debug|x86.Build.0 = Debug|Win32
		{43322140-7B11-4B1C-B4C3-16AB0B1D1DBE}.Release|x64.ActiveCfg = Release|x64
		{43322140-7B11-4B1C-B4C3-16AB0B1D1DBE}.Release|x64.Build.0 = Release|x64
		{43322140-7B11-4B1C-B4C3-16AB0B1D1DBE}.Release|x86.ActiveCfg = Release|Win32
		{43322140-7B11-4B1C-B4C3-16AB0B1D1DBE}.Release|x86.Build.0 = Release|Win32
	EndGlobalSection
	GlobalSection(SolutionProperties) = preSolution
		HideSolutionNode = FALSE
	EndGlobalSection
	GlobalSection(ExtensibilityGlobals) = postSolution
		SolutionGuid = {ED3986C5-C43C-4215-BB5A-7D89C5752AEB}
	EndGlobalSection
EndGlobal
